
Microsoft Visual Studio Solution File, Format Version 12.00
# Visual Studio Version 16
VisualStudioVersion = 16.0.31112.23
MinimumVisualStudioVersion = 10.0.40219.1
Project("{2150E333-8FDC-42A3-9474-1A3956D46DE8}") = "Gallary", "Gallary", "{EE04E0B3-B89F-434C-A483-08F11FF6BE38}"
	ProjectSection(SolutionItems) = preProject
		..\..\..\Downloads\001.png = ..\..\..\Downloads\001.png
	EndProjectSection
EndProject
Project("{FAE04EC0-301F-11D3-BF4B-00C04F79EFBC}") = "GallaryPro.UWP", "GallaryPro\GallaryPro.UWP\GallaryPro.UWP.csproj", "{DE36F45D-5885-480E-BC61-8B62A123CF6B}"
EndProject
Project("{FAE04EC0-301F-11D3-BF4B-00C04F79EFBC}") = "GallaryPro.Android", "GallaryPro\GallaryPro.Android\GallaryPro.Android.csproj", "{371B9A99-BB33-42EF-8897-3FE4F53B6057}"
EndProject
Project("{FAE04EC0-301F-11D3-BF4B-00C04F79EFBC}") = "GallaryPro", "GallaryPro\GallaryPro\GallaryPro.csproj", "{DC94023A-E27D-47D1-A3A8-406A672E4D61}"
EndProject
Project("{2150E333-8FDC-42A3-9474-1A3956D46DE8}") = "images", "images", "{751FFC66-A0D7-4EE3-AB1D-CFFC856060C9}"
	ProjectSection(SolutionItems) = preProject
		..\..\..\Downloads\001.png = ..\..\..\Downloads\001.png
		..\..\..\Downloads\002.png = ..\..\..\Downloads\002.png
		..\..\..\Downloads\003.png = ..\..\..\Downloads\003.png
		..\..\..\Downloads\004.png = ..\..\..\Downloads\004.png
	EndProjectSection
EndProject
Project("{2150E333-8FDC-42A3-9474-1A3956D46DE8}") = "Switch", "Switch", "{C85D1C1A-F463-4800-8E22-A7B29D1030DD}"
EndProject
Project("{FAE04EC0-301F-11D3-BF4B-00C04F79EFBC}") = "App4.UWP", "App4\App4.UWP\App4.UWP.csproj", "{7FB38D8B-3B24-4FC7-A2A6-26A3DFD46456}"
EndProject
Project("{FAE04EC0-301F-11D3-BF4B-00C04F79EFBC}") = "App4.Android", "App4\App4.Android\App4.Android.csproj", "{F5DFDEB1-E47A-4C90-BA12-C874774FFC9C}"
EndProject
Project("{FAE04EC0-301F-11D3-BF4B-00C04F79EFBC}") = "App4", "App4\App4\App4.csproj", "{6DA54789-DB09-45C2-B178-244A2A8CADD4}"
EndProject
Project("{2150E333-8FDC-42A3-9474-1A3956D46DE8}") = "CallMAp", "CallMAp", "{CC4B05C5-5359-4054-8586-4AB037932052}"
EndProject
Project("{FAE04EC0-301F-11D3-BF4B-00C04F79EFBC}") = "App5.UWP", "App5\App5.UWP\App5.UWP.csproj", "{AB21F676-8171-4D37-B42A-EA5C3D4D208F}"
EndProject
Project("{FAE04EC0-301F-11D3-BF4B-00C04F79EFBC}") = "App5.Android", "App5\App5.Android\App5.Android.csproj", "{2DCB6A7A-C768-466D-AC57-3F3B9A56E05A}"
EndProject
Project("{FAE04EC0-301F-11D3-BF4B-00C04F79EFBC}") = "App5", "App5\App5\App5.csproj", "{83945A6A-114C-4F55-9E05-50DCFEA38D95}"
EndProject
Project("{2150E333-8FDC-42A3-9474-1A3956D46DE8}") = "Localization", "Localization", "{1B1CF0E2-C4AA-4D07-A529-BBF86A72749A}"
EndProject
Project("{FAE04EC0-301F-11D3-BF4B-00C04F79EFBC}") = "App6.UWP", "App6\App6.UWP\App6.UWP.csproj", "{9BB1E4ED-5B5A-4E2D-99D4-AEDDC10BD678}"
EndProject
Project("{FAE04EC0-301F-11D3-BF4B-00C04F79EFBC}") = "App6.Android", "App6\App6.Android\App6.Android.csproj", "{044DD0BB-4493-4E34-90E8-B91729AF6AF6}"
EndProject
Project("{FAE04EC0-301F-11D3-BF4B-00C04F79EFBC}") = "App6", "App6\App6\App6.csproj", "{1A9B7A98-A8ED-4E8A-B6E1-14AB99C4E736}"
EndProject
Project("{2150E333-8FDC-42A3-9474-1A3956D46DE8}") = "MovingPages", "MovingPages", "{12603883-E804-48FB-994D-412E68A727DE}"
EndProject
Project("{FAE04EC0-301F-11D3-BF4B-00C04F79EFBC}") = "App7.UWP", "App7\App7.UWP\App7.UWP.csproj", "{FADDA33F-B224-4374-AD98-1462B1E5F3EC}"
EndProject
Project("{FAE04EC0-301F-11D3-BF4B-00C04F79EFBC}") = "App7.Android", "App7\App7.Android\App7.Android.csproj", "{0D7EC43B-A0CE-4A6C-938D-ED2EDEEA4010}"
EndProject
Project("{FAE04EC0-301F-11D3-BF4B-00C04F79EFBC}") = "App7", "App7\App7\App7.csproj", "{36605736-4D54-461D-8DBF-FEA6F3A786E0}"
EndProject
Global
	GlobalSection(SolutionConfigurationPlatforms) = preSolution
		Debug|Any CPU = Debug|Any CPU
		Debug|ARM = Debug|ARM
		Debug|x64 = Debug|x64
		Debug|x86 = Debug|x86
		Release|Any CPU = Release|Any CPU
		Release|ARM = Release|ARM
		Release|x64 = Release|x64
		Release|x86 = Release|x86
	EndGlobalSection
	GlobalSection(ProjectConfigurationPlatforms) = postSolution
		{DE36F45D-5885-480E-BC61-8B62A123CF6B}.Debug|Any CPU.ActiveCfg = Debug|x86
		{DE36F45D-5885-480E-BC61-8B62A123CF6B}.Debug|ARM.ActiveCfg = Debug|ARM
		{DE36F45D-5885-480E-BC61-8B62A123CF6B}.Debug|ARM.Build.0 = Debug|ARM
		{DE36F45D-5885-480E-BC61-8B62A123CF6B}.Debug|ARM.Deploy.0 = Debug|ARM
		{DE36F45D-5885-480E-BC61-8B62A123CF6B}.Debug|x64.ActiveCfg = Debug|x64
		{DE36F45D-5885-480E-BC61-8B62A123CF6B}.Debug|x64.Build.0 = Debug|x64
		{DE36F45D-5885-480E-BC61-8B62A123CF6B}.Debug|x64.Deploy.0 = Debug|x64
		{DE36F45D-5885-480E-BC61-8B62A123CF6B}.Debug|x86.ActiveCfg = Debug|x86
		{DE36F45D-5885-480E-BC61-8B62A123CF6B}.Debug|x86.Build.0 = Debug|x86
		{DE36F45D-5885-480E-BC61-8B62A123CF6B}.Debug|x86.Deploy.0 = Debug|x86
		{DE36F45D-5885-480E-BC61-8B62A123CF6B}.Release|Any CPU.ActiveCfg = Release|x86
		{DE36F45D-5885-480E-BC61-8B62A123CF6B}.Release|ARM.ActiveCfg = Release|ARM
		{DE36F45D-5885-480E-BC61-8B62A123CF6B}.Release|ARM.Build.0 = Release|ARM
		{DE36F45D-5885-480E-BC61-8B62A123CF6B}.Release|ARM.Deploy.0 = Release|ARM
		{DE36F45D-5885-480E-BC61-8B62A123CF6B}.Release|x64.ActiveCfg = Release|x64
		{DE36F45D-5885-480E-BC61-8B62A123CF6B}.Release|x64.Build.0 = Release|x64
		{DE36F45D-5885-480E-BC61-8B62A123CF6B}.Release|x64.Deploy.0 = Release|x64
		{DE36F45D-5885-480E-BC61-8B62A123CF6B}.Release|x86.ActiveCfg = Release|x86
		{DE36F45D-5885-480E-BC61-8B62A123CF6B}.Release|x86.Build.0 = Release|x86
		{DE36F45D-5885-480E-BC61-8B62A123CF6B}.Release|x86.Deploy.0 = Release|x86
		{371B9A99-BB33-42EF-8897-3FE4F53B6057}.Debug|Any CPU.ActiveCfg = Debug|Any CPU
		{371B9A99-BB33-42EF-8897-3FE4F53B6057}.Debug|Any CPU.Build.0 = Debug|Any CPU
		{371B9A99-BB33-42EF-8897-3FE4F53B6057}.Debug|Any CPU.Deploy.0 = Debug|Any CPU
		{371B9A99-BB33-42EF-8897-3FE4F53B6057}.Debug|ARM.ActiveCfg = Debug|Any CPU
		{371B9A99-BB33-42EF-8897-3FE4F53B6057}.Debug|ARM.Build.0 = Debug|Any CPU
		{371B9A99-BB33-42EF-8897-3FE4F53B6057}.Debug|ARM.Deploy.0 = Debug|Any CPU
		{371B9A99-BB33-42EF-8897-3FE4F53B6057}.Debug|x64.ActiveCfg = Debug|Any CPU
		{371B9A99-BB33-42EF-8897-3FE4F53B6057}.Debug|x64.Build.0 = Debug|Any CPU
		{371B9A99-BB33-42EF-8897-3FE4F53B6057}.Debug|x64.Deploy.0 = Debug|Any CPU
		{371B9A99-BB33-42EF-8897-3FE4F53B6057}.Debug|x86.ActiveCfg = Debug|Any CPU
		{371B9A99-BB33-42EF-8897-3FE4F53B6057}.Debug|x86.Build.0 = Debug|Any CPU
		{371B9A99-BB33-42EF-8897-3FE4F53B6057}.Debug|x86.Deploy.0 = Debug|Any CPU
		{371B9A99-BB33-42EF-8897-3FE4F53B6057}.Release|Any CPU.ActiveCfg = Release|Any CPU
		{371B9A99-BB33-42EF-8897-3FE4F53B6057}.Release|Any CPU.Build.0 = Release|Any CPU
		{371B9A99-BB33-42EF-8897-3FE4F53B6057}.Release|Any CPU.Deploy.0 = Release|Any CPU
		{371B9A99-BB33-42EF-8897-3FE4F53B6057}.Release|ARM.ActiveCfg = Release|Any CPU
		{371B9A99-BB33-42EF-8897-3FE4F53B6057}.Release|ARM.Build.0 = Release|Any CPU
		{371B9A99-BB33-42EF-8897-3FE4F53B6057}.Release|ARM.Deploy.0 = Release|Any CPU
		{371B9A99-BB33-42EF-8897-3FE4F53B6057}.Release|x64.ActiveCfg = Release|Any CPU
		{371B9A99-BB33-42EF-8897-3FE4F53B6057}.Release|x64.Build.0 = Release|Any CPU
		{371B9A99-BB33-42EF-8897-3FE4F53B6057}.Release|x64.Deploy.0 = Release|Any CPU
		{371B9A99-BB33-42EF-8897-3FE4F53B6057}.Release|x86.ActiveCfg = Release|Any CPU
		{371B9A99-BB33-42EF-8897-3FE4F53B6057}.Release|x86.Build.0 = Release|Any CPU
		{371B9A99-BB33-42EF-8897-3FE4F53B6057}.Release|x86.Deploy.0 = Release|Any CPU
		{DC94023A-E27D-47D1-A3A8-406A672E4D61}.Debug|Any CPU.ActiveCfg = Debug|Any CPU
		{DC94023A-E27D-47D1-A3A8-406A672E4D61}.Debug|Any CPU.Build.0 = Debug|Any CPU
		{DC94023A-E27D-47D1-A3A8-406A672E4D61}.Debug|ARM.ActiveCfg = Debug|Any CPU
		{DC94023A-E27D-47D1-A3A8-406A672E4D61}.Debug|ARM.Build.0 = Debug|Any CPU
		{DC94023A-E27D-47D1-A3A8-406A672E4D61}.Debug|x64.ActiveCfg = Debug|Any CPU
		{DC94023A-E27D-47D1-A3A8-406A672E4D61}.Debug|x64.Build.0 = Debug|Any CPU
		{DC94023A-E27D-47D1-A3A8-406A672E4D61}.Debug|x86.ActiveCfg = Debug|Any CPU
		{DC94023A-E27D-47D1-A3A8-406A672E4D61}.Debug|x86.Build.0 = Debug|Any CPU
		{DC94023A-E27D-47D1-A3A8-406A672E4D61}.Release|Any CPU.ActiveCfg = Release|Any CPU
		{DC94023A-E27D-47D1-A3A8-406A672E4D61}.Release|Any CPU.Build.0 = Release|Any CPU
		{DC94023A-E27D-47D1-A3A8-406A672E4D61}.Release|ARM.ActiveCfg = Release|Any CPU
		{DC94023A-E27D-47D1-A3A8-406A672E4D61}.Release|ARM.Build.0 = Release|Any CPU
		{DC94023A-E27D-47D1-A3A8-406A672E4D61}.Release|x64.ActiveCfg = Release|Any CPU
		{DC94023A-E27D-47D1-A3A8-406A672E4D61}.Release|x64.Build.0 = Release|Any CPU
		{DC94023A-E27D-47D1-A3A8-406A672E4D61}.Release|x86.ActiveCfg = Release|Any CPU
		{DC94023A-E27D-47D1-A3A8-406A672E4D61}.Release|x86.Build.0 = Release|Any CPU
		{7FB38D8B-3B24-4FC7-A2A6-26A3DFD46456}.Debug|Any CPU.ActiveCfg = Debug|x86
		{7FB38D8B-3B24-4FC7-A2A6-26A3DFD46456}.Debug|ARM.ActiveCfg = Debug|ARM
		{7FB38D8B-3B24-4FC7-A2A6-26A3DFD46456}.Debug|ARM.Build.0 = Debug|ARM
		{7FB38D8B-3B24-4FC7-A2A6-26A3DFD46456}.Debug|ARM.Deploy.0 = Debug|ARM
		{7FB38D8B-3B24-4FC7-A2A6-26A3DFD46456}.Debug|x64.ActiveCfg = Debug|x64
		{7FB38D8B-3B24-4FC7-A2A6-26A3DFD46456}.Debug|x64.Build.0 = Debug|x64
		{7FB38D8B-3B24-4FC7-A2A6-26A3DFD46456}.Debug|x64.Deploy.0 = Debug|x64
		{7FB38D8B-3B24-4FC7-A2A6-26A3DFD46456}.Debug|x86.ActiveCfg = Debug|x86
		{7FB38D8B-3B24-4FC7-A2A6-26A3DFD46456}.Debug|x86.Build.0 = Debug|x86
		{7FB38D8B-3B24-4FC7-A2A6-26A3DFD46456}.Debug|x86.Deploy.0 = Debug|x86
		{7FB38D8B-3B24-4FC7-A2A6-26A3DFD46456}.Release|Any CPU.ActiveCfg = Release|x86
		{7FB38D8B-3B24-4FC7-A2A6-26A3DFD46456}.Release|ARM.ActiveCfg = Release|ARM
		{7FB38D8B-3B24-4FC7-A2A6-26A3DFD46456}.Release|ARM.Build.0 = Release|ARM
		{7FB38D8B-3B24-4FC7-A2A6-26A3DFD46456}.Release|ARM.Deploy.0 = Release|ARM
		{7FB38D8B-3B24-4FC7-A2A6-26A3DFD46456}.Release|x64.ActiveCfg = Release|x64
		{7FB38D8B-3B24-4FC7-A2A6-26A3DFD46456}.Release|x64.Build.0 = Release|x64
		{7FB38D8B-3B24-4FC7-A2A6-26A3DFD46456}.Release|x64.Deploy.0 = Release|x64
		{7FB38D8B-3B24-4FC7-A2A6-26A3DFD46456}.Release|x86.ActiveCfg = Release|x86
		{7FB38D8B-3B24-4FC7-A2A6-26A3DFD46456}.Release|x86.Build.0 = Release|x86
		{7FB38D8B-3B24-4FC7-A2A6-26A3DFD46456}.Release|x86.Deploy.0 = Release|x86
		{F5DFDEB1-E47A-4C90-BA12-C874774FFC9C}.Debug|Any CPU.ActiveCfg = Debug|Any CPU
		{F5DFDEB1-E47A-4C90-BA12-C874774FFC9C}.Debug|Any CPU.Build.0 = Debug|Any CPU
		{F5DFDEB1-E47A-4C90-BA12-C874774FFC9C}.Debug|Any CPU.Deploy.0 = Debug|Any CPU
		{F5DFDEB1-E47A-4C90-BA12-C874774FFC9C}.Debug|ARM.ActiveCfg = Debug|Any CPU
		{F5DFDEB1-E47A-4C90-BA12-C874774FFC9C}.Debug|ARM.Build.0 = Debug|Any CPU
		{F5DFDEB1-E47A-4C90-BA12-C874774FFC9C}.Debug|ARM.Deploy.0 = Debug|Any CPU
		{F5DFDEB1-E47A-4C90-BA12-C874774FFC9C}.Debug|x64.ActiveCfg = Debug|Any CPU
		{F5DFDEB1-E47A-4C90-BA12-C874774FFC9C}.Debug|x64.Build.0 = Debug|Any CPU
		{F5DFDEB1-E47A-4C90-BA12-C874774FFC9C}.Debug|x64.Deploy.0 = Debug|Any CPU
		{F5DFDEB1-E47A-4C90-BA12-C874774FFC9C}.Debug|x86.ActiveCfg = Debug|Any CPU
		{F5DFDEB1-E47A-4C90-BA12-C874774FFC9C}.Debug|x86.Build.0 = Debug|Any CPU
		{F5DFDEB1-E47A-4C90-BA12-C874774FFC9C}.Debug|x86.Deploy.0 = Debug|Any CPU
		{F5DFDEB1-E47A-4C90-BA12-C874774FFC9C}.Release|Any CPU.ActiveCfg = Release|Any CPU
		{F5DFDEB1-E47A-4C90-BA12-C874774FFC9C}.Release|Any CPU.Build.0 = Release|Any CPU
		{F5DFDEB1-E47A-4C90-BA12-C874774FFC9C}.Release|Any CPU.Deploy.0 = Release|Any CPU
		{F5DFDEB1-E47A-4C90-BA12-C874774FFC9C}.Release|ARM.ActiveCfg = Release|Any CPU
		{F5DFDEB1-E47A-4C90-BA12-C874774FFC9C}.Release|ARM.Build.0 = Release|Any CPU
		{F5DFDEB1-E47A-4C90-BA12-C874774FFC9C}.Release|ARM.Deploy.0 = Release|Any CPU
		{F5DFDEB1-E47A-4C90-BA12-C874774FFC9C}.Release|x64.ActiveCfg = Release|Any CPU
		{F5DFDEB1-E47A-4C90-BA12-C874774FFC9C}.Release|x64.Build.0 = Release|Any CPU
		{F5DFDEB1-E47A-4C90-BA12-C874774FFC9C}.Release|x64.Deploy.0 = Release|Any CPU
		{F5DFDEB1-E47A-4C90-BA12-C874774FFC9C}.Release|x86.ActiveCfg = Release|Any CPU
		{F5DFDEB1-E47A-4C90-BA12-C874774FFC9C}.Release|x86.Build.0 = Release|Any CPU
		{F5DFDEB1-E47A-4C90-BA12-C874774FFC9C}.Release|x86.Deploy.0 = Release|Any CPU
		{6DA54789-DB09-45C2-B178-244A2A8CADD4}.Debug|Any CPU.ActiveCfg = Debug|Any CPU
		{6DA54789-DB09-45C2-B178-244A2A8CADD4}.Debug|Any CPU.Build.0 = Debug|Any CPU
		{6DA54789-DB09-45C2-B178-244A2A8CADD4}.Debug|ARM.ActiveCfg = Debug|Any CPU
		{6DA54789-DB09-45C2-B178-244A2A8CADD4}.Debug|ARM.Build.0 = Debug|Any CPU
		{6DA54789-DB09-45C2-B178-244A2A8CADD4}.Debug|x64.ActiveCfg = Debug|Any CPU
		{6DA54789-DB09-45C2-B178-244A2A8CADD4}.Debug|x64.Build.0 = Debug|Any CPU
		{6DA54789-DB09-45C2-B178-244A2A8CADD4}.Debug|x86.ActiveCfg = Debug|Any CPU
		{6DA54789-DB09-45C2-B178-244A2A8CADD4}.Debug|x86.Build.0 = Debug|Any CPU
		{6DA54789-DB09-45C2-B178-244A2A8CADD4}.Release|Any CPU.ActiveCfg = Release|Any CPU
		{6DA54789-DB09-45C2-B178-244A2A8CADD4}.Release|Any CPU.Build.0 = Release|Any CPU
		{6DA54789-DB09-45C2-B178-244A2A8CADD4}.Release|ARM.ActiveCfg = Release|Any CPU
		{6DA54789-DB09-45C2-B178-244A2A8CADD4}.Release|ARM.Build.0 = Release|Any CPU
		{6DA54789-DB09-45C2-B178-244A2A8CADD4}.Release|x64.ActiveCfg = Release|Any CPU
		{6DA54789-DB09-45C2-B178-244A2A8CADD4}.Release|x64.Build.0 = Release|Any CPU
		{6DA54789-DB09-45C2-B178-244A2A8CADD4}.Release|x86.ActiveCfg = Release|Any CPU
		{6DA54789-DB09-45C2-B178-244A2A8CADD4}.Release|x86.Build.0 = Release|Any CPU
		{AB21F676-8171-4D37-B42A-EA5C3D4D208F}.Debug|Any CPU.ActiveCfg = Debug|x86
		{AB21F676-8171-4D37-B42A-EA5C3D4D208F}.Debug|ARM.ActiveCfg = Debug|ARM
		{AB21F676-8171-4D37-B42A-EA5C3D4D208F}.Debug|ARM.Build.0 = Debug|ARM
		{AB21F676-8171-4D37-B42A-EA5C3D4D208F}.Debug|ARM.Deploy.0 = Debug|ARM
		{AB21F676-8171-4D37-B42A-EA5C3D4D208F}.Debug|x64.ActiveCfg = Debug|x64
		{AB21F676-8171-4D37-B42A-EA5C3D4D208F}.Debug|x64.Build.0 = Debug|x64
		{AB21F676-8171-4D37-B42A-EA5C3D4D208F}.Debug|x64.Deploy.0 = Debug|x64
		{AB21F676-8171-4D37-B42A-EA5C3D4D208F}.Debug|x86.ActiveCfg = Debug|x86
		{AB21F676-8171-4D37-B42A-EA5C3D4D208F}.Debug|x86.Build.0 = Debug|x86
		{AB21F676-8171-4D37-B42A-EA5C3D4D208F}.Debug|x86.Deploy.0 = Debug|x86
		{AB21F676-8171-4D37-B42A-EA5C3D4D208F}.Release|Any CPU.ActiveCfg = Release|x86
		{AB21F676-8171-4D37-B42A-EA5C3D4D208F}.Release|ARM.ActiveCfg = Release|ARM
		{AB21F676-8171-4D37-B42A-EA5C3D4D208F}.Release|ARM.Build.0 = Release|ARM
		{AB21F676-8171-4D37-B42A-EA5C3D4D208F}.Release|ARM.Deploy.0 = Release|ARM
		{AB21F676-8171-4D37-B42A-EA5C3D4D208F}.Release|x64.ActiveCfg = Release|x64
		{AB21F676-8171-4D37-B42A-EA5C3D4D208F}.Release|x64.Build.0 = Release|x64
		{AB21F676-8171-4D37-B42A-EA5C3D4D208F}.Release|x64.Deploy.0 = Release|x64
		{AB21F676-8171-4D37-B42A-EA5C3D4D208F}.Release|x86.ActiveCfg = Release|x86
		{AB21F676-8171-4D37-B42A-EA5C3D4D208F}.Release|x86.Build.0 = Release|x86
		{AB21F676-8171-4D37-B42A-EA5C3D4D208F}.Release|x86.Deploy.0 = Release|x86
		{2DCB6A7A-C768-466D-AC57-3F3B9A56E05A}.Debug|Any CPU.ActiveCfg = Debug|Any CPU
		{2DCB6A7A-C768-466D-AC57-3F3B9A56E05A}.Debug|Any CPU.Build.0 = Debug|Any CPU
		{2DCB6A7A-C768-466D-AC57-3F3B9A56E05A}.Debug|Any CPU.Deploy.0 = Debug|Any CPU
		{2DCB6A7A-C768-466D-AC57-3F3B9A56E05A}.Debug|ARM.ActiveCfg = Debug|Any CPU
		{2DCB6A7A-C768-466D-AC57-3F3B9A56E05A}.Debug|ARM.Build.0 = Debug|Any CPU
		{2DCB6A7A-C768-466D-AC57-3F3B9A56E05A}.Debug|ARM.Deploy.0 = Debug|Any CPU
		{2DCB6A7A-C768-466D-AC57-3F3B9A56E05A}.Debug|x64.ActiveCfg = Debug|Any CPU
		{2DCB6A7A-C768-466D-AC57-3F3B9A56E05A}.Debug|x64.Build.0 = Debug|Any CPU
		{2DCB6A7A-C768-466D-AC57-3F3B9A56E05A}.Debug|x64.Deploy.0 = Debug|Any CPU
		{2DCB6A7A-C768-466D-AC57-3F3B9A56E05A}.Debug|x86.ActiveCfg = Debug|Any CPU
		{2DCB6A7A-C768-466D-AC57-3F3B9A56E05A}.Debug|x86.Build.0 = Debug|Any CPU
		{2DCB6A7A-C768-466D-AC57-3F3B9A56E05A}.Debug|x86.Deploy.0 = Debug|Any CPU
		{2DCB6A7A-C768-466D-AC57-3F3B9A56E05A}.Release|Any CPU.ActiveCfg = Release|Any CPU
		{2DCB6A7A-C768-466D-AC57-3F3B9A56E05A}.Release|Any CPU.Build.0 = Release|Any CPU
		{2DCB6A7A-C768-466D-AC57-3F3B9A56E05A}.Release|Any CPU.Deploy.0 = Release|Any CPU
		{2DCB6A7A-C768-466D-AC57-3F3B9A56E05A}.Release|ARM.ActiveCfg = Release|Any CPU
		{2DCB6A7A-C768-466D-AC57-3F3B9A56E05A}.Release|ARM.Build.0 = Release|Any CPU
		{2DCB6A7A-C768-466D-AC57-3F3B9A56E05A}.Release|ARM.Deploy.0 = Release|Any CPU
		{2DCB6A7A-C768-466D-AC57-3F3B9A56E05A}.Release|x64.ActiveCfg = Release|Any CPU
		{2DCB6A7A-C768-466D-AC57-3F3B9A56E05A}.Release|x64.Build.0 = Release|Any CPU
		{2DCB6A7A-C768-466D-AC57-3F3B9A56E05A}.Release|x64.Deploy.0 = Release|Any CPU
		{2DCB6A7A-C768-466D-AC57-3F3B9A56E05A}.Release|x86.ActiveCfg = Release|Any CPU
		{2DCB6A7A-C768-466D-AC57-3F3B9A56E05A}.Release|x86.Build.0 = Release|Any CPU
		{2DCB6A7A-C768-466D-AC57-3F3B9A56E05A}.Release|x86.Deploy.0 = Release|Any CPU
		{83945A6A-114C-4F55-9E05-50DCFEA38D95}.Debug|Any CPU.ActiveCfg = Debug|Any CPU
		{83945A6A-114C-4F55-9E05-50DCFEA38D95}.Debug|Any CPU.Build.0 = Debug|Any CPU
		{83945A6A-114C-4F55-9E05-50DCFEA38D95}.Debug|ARM.ActiveCfg = Debug|Any CPU
		{83945A6A-114C-4F55-9E05-50DCFEA38D95}.Debug|ARM.Build.0 = Debug|Any CPU
		{83945A6A-114C-4F55-9E05-50DCFEA38D95}.Debug|x64.ActiveCfg = Debug|Any CPU
		{83945A6A-114C-4F55-9E05-50DCFEA38D95}.Debug|x64.Build.0 = Debug|Any CPU
		{83945A6A-114C-4F55-9E05-50DCFEA38D95}.Debug|x86.ActiveCfg = Debug|Any CPU
		{83945A6A-114C-4F55-9E05-50DCFEA38D95}.Debug|x86.Build.0 = Debug|Any CPU
		{83945A6A-114C-4F55-9E05-50DCFEA38D95}.Release|Any CPU.ActiveCfg = Release|Any CPU
		{83945A6A-114C-4F55-9E05-50DCFEA38D95}.Release|Any CPU.Build.0 = Release|Any CPU
		{83945A6A-114C-4F55-9E05-50DCFEA38D95}.Release|ARM.ActiveCfg = Release|Any CPU
		{83945A6A-114C-4F55-9E05-50DCFEA38D95}.Release|ARM.Build.0 = Release|Any CPU
		{83945A6A-114C-4F55-9E05-50DCFEA38D95}.Release|x64.ActiveCfg = Release|Any CPU
		{83945A6A-114C-4F55-9E05-50DCFEA38D95}.Release|x64.Build.0 = Release|Any CPU
		{83945A6A-114C-4F55-9E05-50DCFEA38D95}.Release|x86.ActiveCfg = Release|Any CPU
		{83945A6A-114C-4F55-9E05-50DCFEA38D95}.Release|x86.Build.0 = Release|Any CPU
		{9BB1E4ED-5B5A-4E2D-99D4-AEDDC10BD678}.Debug|Any CPU.ActiveCfg = Debug|x86
		{9BB1E4ED-5B5A-4E2D-99D4-AEDDC10BD678}.Debug|ARM.ActiveCfg = Debug|ARM
		{9BB1E4ED-5B5A-4E2D-99D4-AEDDC10BD678}.Debug|ARM.Build.0 = Debug|ARM
		{9BB1E4ED-5B5A-4E2D-99D4-AEDDC10BD678}.Debug|ARM.Deploy.0 = Debug|ARM
		{9BB1E4ED-5B5A-4E2D-99D4-AEDDC10BD678}.Debug|x64.ActiveCfg = Debug|x64
		{9BB1E4ED-5B5A-4E2D-99D4-AEDDC10BD678}.Debug|x64.Build.0 = Debug|x64
		{9BB1E4ED-5B5A-4E2D-99D4-AEDDC10BD678}.Debug|x64.Deploy.0 = Debug|x64
		{9BB1E4ED-5B5A-4E2D-99D4-AEDDC10BD678}.Debug|x86.ActiveCfg = Debug|x86
		{9BB1E4ED-5B5A-4E2D-99D4-AEDDC10BD678}.Debug|x86.Build.0 = Debug|x86
		{9BB1E4ED-5B5A-4E2D-99D4-AEDDC10BD678}.Debug|x86.Deploy.0 = Debug|x86
		{9BB1E4ED-5B5A-4E2D-99D4-AEDDC10BD678}.Release|Any CPU.ActiveCfg = Release|x86
		{9BB1E4ED-5B5A-4E2D-99D4-AEDDC10BD678}.Release|ARM.ActiveCfg = Release|ARM
		{9BB1E4ED-5B5A-4E2D-99D4-AEDDC10BD678}.Release|ARM.Build.0 = Release|ARM
		{9BB1E4ED-5B5A-4E2D-99D4-AEDDC10BD678}.Release|ARM.Deploy.0 = Release|ARM
		{9BB1E4ED-5B5A-4E2D-99D4-AEDDC10BD678}.Release|x64.ActiveCfg = Release|x64
		{9BB1E4ED-5B5A-4E2D-99D4-AEDDC10BD678}.Release|x64.Build.0 = Release|x64
		{9BB1E4ED-5B5A-4E2D-99D4-AEDDC10BD678}.Release|x64.Deploy.0 = Release|x64
		{9BB1E4ED-5B5A-4E2D-99D4-AEDDC10BD678}.Release|x86.ActiveCfg = Release|x86
		{9BB1E4ED-5B5A-4E2D-99D4-AEDDC10BD678}.Release|x86.Build.0 = Release|x86
		{9BB1E4ED-5B5A-4E2D-99D4-AEDDC10BD678}.Release|x86.Deploy.0 = Release|x86
		{044DD0BB-4493-4E34-90E8-B91729AF6AF6}.Debug|Any CPU.ActiveCfg = Debug|Any CPU
		{044DD0BB-4493-4E34-90E8-B91729AF6AF6}.Debug|Any CPU.Build.0 = Debug|Any CPU
		{044DD0BB-4493-4E34-90E8-B91729AF6AF6}.Debug|Any CPU.Deploy.0 = Debug|Any CPU
		{044DD0BB-4493-4E34-90E8-B91729AF6AF6}.Debug|ARM.ActiveCfg = Debug|Any CPU
		{044DD0BB-4493-4E34-90E8-B91729AF6AF6}.Debug|ARM.Build.0 = Debug|Any CPU
		{044DD0BB-4493-4E34-90E8-B91729AF6AF6}.Debug|ARM.Deploy.0 = Debug|Any CPU
		{044DD0BB-4493-4E34-90E8-B91729AF6AF6}.Debug|x64.ActiveCfg = Debug|Any CPU
		{044DD0BB-4493-4E34-90E8-B91729AF6AF6}.Debug|x64.Build.0 = Debug|Any CPU
		{044DD0BB-4493-4E34-90E8-B91729AF6AF6}.Debug|x64.Deploy.0 = Debug|Any CPU
		{044DD0BB-4493-4E34-90E8-B91729AF6AF6}.Debug|x86.ActiveCfg = Debug|Any CPU
		{044DD0BB-4493-4E34-90E8-B91729AF6AF6}.Debug|x86.Build.0 = Debug|Any CPU
		{044DD0BB-4493-4E34-90E8-B91729AF6AF6}.Debug|x86.Deploy.0 = Debug|Any CPU
		{044DD0BB-4493-4E34-90E8-B91729AF6AF6}.Release|Any CPU.ActiveCfg = Release|Any CPU
		{044DD0BB-4493-4E34-90E8-B91729AF6AF6}.Release|Any CPU.Build.0 = Release|Any CPU
		{044DD0BB-4493-4E34-90E8-B91729AF6AF6}.Release|Any CPU.Deploy.0 = Release|Any CPU
		{044DD0BB-4493-4E34-90E8-B91729AF6AF6}.Release|ARM.ActiveCfg = Release|Any CPU
		{044DD0BB-4493-4E34-90E8-B91729AF6AF6}.Release|ARM.Build.0 = Release|Any CPU
		{044DD0BB-4493-4E34-90E8-B91729AF6AF6}.Release|ARM.Deploy.0 = Release|Any CPU
		{044DD0BB-4493-4E34-90E8-B91729AF6AF6}.Release|x64.ActiveCfg = Release|Any CPU
		{044DD0BB-4493-4E34-90E8-B91729AF6AF6}.Release|x64.Build.0 = Release|Any CPU
		{044DD0BB-4493-4E34-90E8-B91729AF6AF6}.Release|x64.Deploy.0 = Release|Any CPU
		{044DD0BB-4493-4E34-90E8-B91729AF6AF6}.Release|x86.ActiveCfg = Release|Any CPU
		{044DD0BB-4493-4E34-90E8-B91729AF6AF6}.Release|x86.Build.0 = Release|Any CPU
		{044DD0BB-4493-4E34-90E8-B91729AF6AF6}.Release|x86.Deploy.0 = Release|Any CPU
		{1A9B7A98-A8ED-4E8A-B6E1-14AB99C4E736}.Debug|Any CPU.ActiveCfg = Debug|Any CPU
		{1A9B7A98-A8ED-4E8A-B6E1-14AB99C4E736}.Debug|Any CPU.Build.0 = Debug|Any CPU
		{1A9B7A98-A8ED-4E8A-B6E1-14AB99C4E736}.Debug|ARM.ActiveCfg = Debug|Any CPU
		{1A9B7A98-A8ED-4E8A-B6E1-14AB99C4E736}.Debug|ARM.Build.0 = Debug|Any CPU
		{1A9B7A98-A8ED-4E8A-B6E1-14AB99C4E736}.Debug|x64.ActiveCfg = Debug|Any CPU
		{1A9B7A98-A8ED-4E8A-B6E1-14AB99C4E736}.Debug|x64.Build.0 = Debug|Any CPU
		{1A9B7A98-A8ED-4E8A-B6E1-14AB99C4E736}.Debug|x86.ActiveCfg = Debug|Any CPU
		{1A9B7A98-A8ED-4E8A-B6E1-14AB99C4E736}.Debug|x86.Build.0 = Debug|Any CPU
		{1A9B7A98-A8ED-4E8A-B6E1-14AB99C4E736}.Release|Any CPU.ActiveCfg = Release|Any CPU
		{1A9B7A98-A8ED-4E8A-B6E1-14AB99C4E736}.Release|Any CPU.Build.0 = Release|Any CPU
		{1A9B7A98-A8ED-4E8A-B6E1-14AB99C4E736}.Release|ARM.ActiveCfg = Release|Any CPU
		{1A9B7A98-A8ED-4E8A-B6E1-14AB99C4E736}.Release|ARM.Build.0 = Release|Any CPU
		{1A9B7A98-A8ED-4E8A-B6E1-14AB99C4E736}.Release|x64.ActiveCfg = Release|Any CPU
		{1A9B7A98-A8ED-4E8A-B6E1-14AB99C4E736}.Release|x64.Build.0 = Release|Any CPU
		{1A9B7A98-A8ED-4E8A-B6E1-14AB99C4E736}.Release|x86.ActiveCfg = Release|Any CPU
		{1A9B7A98-A8ED-4E8A-B6E1-14AB99C4E736}.Release|x86.Build.0 = Release|Any CPU
		{FADDA33F-B224-4374-AD98-1462B1E5F3EC}.Debug|Any CPU.ActiveCfg = Debug|x86
		{FADDA33F-B224-4374-AD98-1462B1E5F3EC}.Debug|ARM.ActiveCfg = Debug|ARM
		{FADDA33F-B224-4374-AD98-1462B1E5F3EC}.Debug|ARM.Build.0 = Debug|ARM
		{FADDA33F-B224-4374-AD98-1462B1E5F3EC}.Debug|ARM.Deploy.0 = Debug|ARM
		{FADDA33F-B224-4374-AD98-1462B1E5F3EC}.Debug|x64.ActiveCfg = Debug|x64
		{FADDA33F-B224-4374-AD98-1462B1E5F3EC}.Debug|x64.Build.0 = Debug|x64
		{FADDA33F-B224-4374-AD98-1462B1E5F3EC}.Debug|x64.Deploy.0 = Debug|x64
		{FADDA33F-B224-4374-AD98-1462B1E5F3EC}.Debug|x86.ActiveCfg = Debug|x86
		{FADDA33F-B224-4374-AD98-1462B1E5F3EC}.Debug|x86.Build.0 = Debug|x86
		{FADDA33F-B224-4374-AD98-1462B1E5F3EC}.Debug|x86.Deploy.0 = Debug|x86
		{FADDA33F-B224-4374-AD98-1462B1E5F3EC}.Release|Any CPU.ActiveCfg = Release|x86
		{FADDA33F-B224-4374-AD98-1462B1E5F3EC}.Release|ARM.ActiveCfg = Release|ARM
		{FADDA33F-B224-4374-AD98-1462B1E5F3EC}.Release|ARM.Build.0 = Release|ARM
		{FADDA33F-B224-4374-AD98-1462B1E5F3EC}.Release|ARM.Deploy.0 = Release|ARM
		{FADDA33F-B224-4374-AD98-1462B1E5F3EC}.Release|x64.ActiveCfg = Release|x64
		{FADDA33F-B224-4374-AD98-1462B1E5F3EC}.Release|x64.Build.0 = Release|x64
		{FADDA33F-B224-4374-AD98-1462B1E5F3EC}.Release|x64.Deploy.0 = Release|x64
		{FADDA33F-B224-4374-AD98-1462B1E5F3EC}.Release|x86.ActiveCfg = Release|x86
		{FADDA33F-B224-4374-AD98-1462B1E5F3EC}.Release|x86.Build.0 = Release|x86
		{FADDA33F-B224-4374-AD98-1462B1E5F3EC}.Release|x86.Deploy.0 = Release|x86
		{0D7EC43B-A0CE-4A6C-938D-ED2EDEEA4010}.Debug|Any CPU.ActiveCfg = Debug|Any CPU
		{0D7EC43B-A0CE-4A6C-938D-ED2EDEEA4010}.Debug|Any CPU.Build.0 = Debug|Any CPU
		{0D7EC43B-A0CE-4A6C-938D-ED2EDEEA4010}.Debug|Any CPU.Deploy.0 = Debug|Any CPU
		{0D7EC43B-A0CE-4A6C-938D-ED2EDEEA4010}.Debug|ARM.ActiveCfg = Debug|Any CPU
		{0D7EC43B-A0CE-4A6C-938D-ED2EDEEA4010}.Debug|ARM.Build.0 = Debug|Any CPU
		{0D7EC43B-A0CE-4A6C-938D-ED2EDEEA4010}.Debug|ARM.Deploy.0 = Debug|Any CPU
		{0D7EC43B-A0CE-4A6C-938D-ED2EDEEA4010}.Debug|x64.ActiveCfg = Debug|Any CPU
		{0D7EC43B-A0CE-4A6C-938D-ED2EDEEA4010}.Debug|x64.Build.0 = Debug|Any CPU
		{0D7EC43B-A0CE-4A6C-938D-ED2EDEEA4010}.Debug|x64.Deploy.0 = Debug|Any CPU
		{0D7EC43B-A0CE-4A6C-938D-ED2EDEEA4010}.Debug|x86.ActiveCfg = Debug|Any CPU
		{0D7EC43B-A0CE-4A6C-938D-ED2EDEEA4010}.Debug|x86.Build.0 = Debug|Any CPU
		{0D7EC43B-A0CE-4A6C-938D-ED2EDEEA4010}.Debug|x86.Deploy.0 = Debug|Any CPU
		{0D7EC43B-A0CE-4A6C-938D-ED2EDEEA4010}.Release|Any CPU.ActiveCfg = Release|Any CPU
		{0D7EC43B-A0CE-4A6C-938D-ED2EDEEA4010}.Release|Any CPU.Build.0 = Release|Any CPU
		{0D7EC43B-A0CE-4A6C-938D-ED2EDEEA4010}.Release|Any CPU.Deploy.0 = Release|Any CPU
		{0D7EC43B-A0CE-4A6C-938D-ED2EDEEA4010}.Release|ARM.ActiveCfg = Release|Any CPU
		{0D7EC43B-A0CE-4A6C-938D-ED2EDEEA4010}.Release|ARM.Build.0 = Release|Any CPU
		{0D7EC43B-A0CE-4A6C-938D-ED2EDEEA4010}.Release|ARM.Deploy.0 = Release|Any CPU
		{0D7EC43B-A0CE-4A6C-938D-ED2EDEEA4010}.Release|x64.ActiveCfg = Release|Any CPU
		{0D7EC43B-A0CE-4A6C-938D-ED2EDEEA4010}.Release|x64.Build.0 = Release|Any CPU
		{0D7EC43B-A0CE-4A6C-938D-ED2EDEEA4010}.Release|x64.Deploy.0 = Release|Any CPU
		{0D7EC43B-A0CE-4A6C-938D-ED2EDEEA4010}.Release|x86.ActiveCfg = Release|Any CPU
		{0D7EC43B-A0CE-4A6C-938D-ED2EDEEA4010}.Release|x86.Build.0 = Release|Any CPU
		{0D7EC43B-A0CE-4A6C-938D-ED2EDEEA4010}.Release|x86.Deploy.0 = Release|Any CPU
		{36605736-4D54-461D-8DBF-FEA6F3A786E0}.Debug|Any CPU.ActiveCfg = Debug|Any CPU
		{36605736-4D54-461D-8DBF-FEA6F3A786E0}.Debug|Any CPU.Build.0 = Debug|Any CPU
		{36605736-4D54-461D-8DBF-FEA6F3A786E0}.Debug|ARM.ActiveCfg = Debug|Any CPU
		{36605736-4D54-461D-8DBF-FEA6F3A786E0}.Debug|ARM.Build.0 = Debug|Any CPU
		{36605736-4D54-461D-8DBF-FEA6F3A786E0}.Debug|x64.ActiveCfg = Debug|Any CPU
		{36605736-4D54-461D-8DBF-FEA6F3A786E0}.Debug|x64.Build.0 = Debug|Any CPU
		{36605736-4D54-461D-8DBF-FEA6F3A786E0}.Debug|x86.ActiveCfg = Debug|Any CPU
		{36605736-4D54-461D-8DBF-FEA6F3A786E0}.Debug|x86.Build.0 = Debug|Any CPU
		{36605736-4D54-461D-8DBF-FEA6F3A786E0}.Release|Any CPU.ActiveCfg = Release|Any CPU
		{36605736-4D54-461D-8DBF-FEA6F3A786E0}.Release|Any CPU.Build.0 = Release|Any CPU
		{36605736-4D54-461D-8DBF-FEA6F3A786E0}.Release|ARM.ActiveCfg = Release|Any CPU
		{36605736-4D54-461D-8DBF-FEA6F3A786E0}.Release|ARM.Build.0 = Release|Any CPU
		{36605736-4D54-461D-8DBF-FEA6F3A786E0}.Release|x64.ActiveCfg = Release|Any CPU
		{36605736-4D54-461D-8DBF-FEA6F3A786E0}.Release|x64.Build.0 = Release|Any CPU
		{36605736-4D54-461D-8DBF-FEA6F3A786E0}.Release|x86.ActiveCfg = Release|Any CPU
		{36605736-4D54-461D-8DBF-FEA6F3A786E0}.Release|x86.Build.0 = Release|Any CPU
	EndGlobalSection
	GlobalSection(SolutionProperties) = preSolution
		HideSolutionNode = FALSE
	EndGlobalSection
	GlobalSection(NestedProjects) = preSolution
		{DE36F45D-5885-480E-BC61-8B62A123CF6B} = {EE04E0B3-B89F-434C-A483-08F11FF6BE38}
		{371B9A99-BB33-42EF-8897-3FE4F53B6057} = {EE04E0B3-B89F-434C-A483-08F11FF6BE38}
		{DC94023A-E27D-47D1-A3A8-406A672E4D61} = {EE04E0B3-B89F-434C-A483-08F11FF6BE38}
		{751FFC66-A0D7-4EE3-AB1D-CFFC856060C9} = {EE04E0B3-B89F-434C-A483-08F11FF6BE38}
		{7FB38D8B-3B24-4FC7-A2A6-26A3DFD46456} = {C85D1C1A-F463-4800-8E22-A7B29D1030DD}
		{F5DFDEB1-E47A-4C90-BA12-C874774FFC9C} = {C85D1C1A-F463-4800-8E22-A7B29D1030DD}
		{6DA54789-DB09-45C2-B178-244A2A8CADD4} = {C85D1C1A-F463-4800-8E22-A7B29D1030DD}
		{AB21F676-8171-4D37-B42A-EA5C3D4D208F} = {CC4B05C5-5359-4054-8586-4AB037932052}
		{2DCB6A7A-C768-466D-AC57-3F3B9A56E05A} = {CC4B05C5-5359-4054-8586-4AB037932052}
		{83945A6A-114C-4F55-9E05-50DCFEA38D95} = {CC4B05C5-5359-4054-8586-4AB037932052}
		{9BB1E4ED-5B5A-4E2D-99D4-AEDDC10BD678} = {1B1CF0E2-C4AA-4D07-A529-BBF86A72749A}
		{044DD0BB-4493-4E34-90E8-B91729AF6AF6} = {1B1CF0E2-C4AA-4D07-A529-BBF86A72749A}
		{1A9B7A98-A8ED-4E8A-B6E1-14AB99C4E736} = {1B1CF0E2-C4AA-4D07-A529-BBF86A72749A}
		{FADDA33F-B224-4374-AD98-1462B1E5F3EC} = {12603883-E804-48FB-994D-412E68A727DE}
		{0D7EC43B-A0CE-4A6C-938D-ED2EDEEA4010} = {12603883-E804-48FB-994D-412E68A727DE}
		{36605736-4D54-461D-8DBF-FEA6F3A786E0} = {12603883-E804-48FB-994D-412E68A727DE}
	EndGlobalSection
	GlobalSection(ExtensibilityGlobals) = postSolution
		SolutionGuid = {AA0434A0-BAE4-4768-B26D-528F500D3431}
	EndGlobalSection
EndGlobal
